
Microsoft Visual Studio Solution File, Format Version 12.00
# Visual Studio Version 17
VisualStudioVersion = 17.11.35222.181
MinimumVisualStudioVersion = 10.0.40219.1
Project("{FAE04EC0-301F-11D3-BF4B-00C04F79EFBC}") = "exam", "exam\exam.csproj", "{B1C119D6-E752-42A7-A12A-1D0D3084E26A}"
EndProject
Global
	GlobalSection(SolutionConfigurationPlatforms) = preSolution
		Debug|Any CPU = Debug|Any CPU
		Release|Any CPU = Release|Any CPU
	EndGlobalSection
	GlobalSection(ProjectConfigurationPlatforms) = postSolution
		{B1C119D6-E752-42A7-A12A-1D0D3084E26A}.Debug|Any CPU.ActiveCfg = Debug|Any CPU
		{B1C119D6-E752-42A7-A12A-1D0D3084E26A}.Debug|Any CPU.Build.0 = Debug|Any CPU
		{B1C119D6-E752-42A7-A12A-1D0D3084E26A}.Release|Any CPU.ActiveCfg = Release|Any CPU
		{B1C119D6-E752-42A7-A12A-1D0D3084E26A}.Release|Any CPU.Build.0 = Release|Any CPU
	EndGlobalSection
	GlobalSection(SolutionProperties) = preSolution
		HideSolutionNode = FALSE
	EndGlobalSection
	GlobalSection(ExtensibilityGlobals) = postSolution
		SolutionGuid = {17879C20-67D5-475A-95CE-E5AB2DBE2819}
	EndGlobalSection
EndGlobal
